
Microsoft Visual Studio Solution File, Format Version 12.00
# Visual Studio Version 18
VisualStudioVersion = 18.1.11312.151 d18.0
MinimumVisualStudioVersion = 10.0.40219.1
Project("{FAE04EC0-301F-11D3-BF4B-00C04F79EFBC}") = "GalaxyBudsPoc", "GalaxyBudsPoc.csproj", "{61890F60-0A52-F31E-6975-E40A1258F4D9}"
EndProject
Global
	GlobalSection(SolutionConfigurationPlatforms) = preSolution
		Debug|Any CPU = Debug|Any CPU
		Release|Any CPU = Release|Any CPU
	EndGlobalSection
	GlobalSection(ProjectConfigurationPlatforms) = postSolution
		{61890F60-0A52-F31E-6975-E40A1258F4D9}.Debug|Any CPU.ActiveCfg = Debug|Any CPU
		{61890F60-0A52-F31E-6975-E40A1258F4D9}.Debug|Any CPU.Build.0 = Debug|Any CPU
		{61890F60-0A52-F31E-6975-E40A1258F4D9}.Release|Any CPU.ActiveCfg = Release|Any CPU
		{61890F60-0A52-F31E-6975-E40A1258F4D9}.Release|Any CPU.Build.0 = Release|Any CPU
	EndGlobalSection
	GlobalSection(SolutionProperties) = preSolution
		HideSolutionNode = FALSE
	EndGlobalSection
	GlobalSection(ExtensibilityGlobals) = postSolution
		SolutionGuid = {C04D7AC6-63E7-4F35-8FA8-8D0DEDB69F82}
	EndGlobalSection
EndGlobal
